
Microsoft Visual Studio Solution File, Format Version 12.00
Project("{FAE04EC0-301F-11D3-BF4B-00C04F79EFBC}") = "Editoria.Web", "Editoria.Web\Editoria.Web.csproj", "{C87EA21D-9474-4F39-A70B-B3EA53D0BE43}"
EndProject
Project("{FAE04EC0-301F-11D3-BF4B-00C04F79EFBC}") = "Editoria.Domain", "Editoria.Domain\Editoria.Domain.csproj", "{7F2CC30E-7543-44C8-804C-1282E3749FE9}"
EndProject
Project("{FAE04EC0-301F-11D3-BF4B-00C04F79EFBC}") = "Editoria.Infrastructure", "Editoria.Infrastructure\Editoria.Infrastructure.csproj", "{FB85C006-6962-4F06-B584-6C1CA2CBF99C}"
EndProject
Global
	GlobalSection(SolutionConfigurationPlatforms) = preSolution
		Debug|Any CPU = Debug|Any CPU
		Release|Any CPU = Release|Any CPU
	EndGlobalSection
	GlobalSection(ProjectConfigurationPlatforms) = postSolution
		{C87EA21D-9474-4F39-A70B-B3EA53D0BE43}.Debug|Any CPU.ActiveCfg = Debug|Any CPU
		{C87EA21D-9474-4F39-A70B-B3EA53D0BE43}.Debug|Any CPU.Build.0 = Debug|Any CPU
		{C87EA21D-9474-4F39-A70B-B3EA53D0BE43}.Release|Any CPU.ActiveCfg = Release|Any CPU
		{C87EA21D-9474-4F39-A70B-B3EA53D0BE43}.Release|Any CPU.Build.0 = Release|Any CPU
		{7F2CC30E-7543-44C8-804C-1282E3749FE9}.Debug|Any CPU.ActiveCfg = Debug|Any CPU
		{7F2CC30E-7543-44C8-804C-1282E3749FE9}.Debug|Any CPU.Build.0 = Debug|Any CPU
		{7F2CC30E-7543-44C8-804C-1282E3749FE9}.Release|Any CPU.ActiveCfg = Release|Any CPU
		{7F2CC30E-7543-44C8-804C-1282E3749FE9}.Release|Any CPU.Build.0 = Release|Any CPU
		{FB85C006-6962-4F06-B584-6C1CA2CBF99C}.Debug|Any CPU.ActiveCfg = Debug|Any CPU
		{FB85C006-6962-4F06-B584-6C1CA2CBF99C}.Debug|Any CPU.Build.0 = Debug|Any CPU
		{FB85C006-6962-4F06-B584-6C1CA2CBF99C}.Release|Any CPU.ActiveCfg = Release|Any CPU
		{FB85C006-6962-4F06-B584-6C1CA2CBF99C}.Release|Any CPU.Build.0 = Release|Any CPU
	EndGlobalSection
EndGlobal
